PODS:
  - Alamofire (5.4.2)
  - SVProgressHUD (2.2.5)

DEPENDENCIES:
  - Alamofire
  - SVProgressHUD

SPEC REPOS:
  trunk:
    - Alamofire
    - SVProgressHUD

SPEC CHECKSUMS:
  Alamofire: bfbc4c2fe5909b1d94fb4ef2277c6b3727ef5dae
  SVProgressHUD: 1428aafac632c1f86f62aa4243ec12008d7a51d6

PODFILE CHECKSUM: 9b069a41527e7d486b11945af50d9f3a5e0564a2

COCOAPODS: 1.10.1
